github.com/jquery/jquery-dist v0.0.0-20210302171154-e786e3d9707f/go.mod h1:/lTfttEqFU0GWTaOOMIeNTzLGQ7yTIgyzjtkS/pYIoc=
gitlab.com/f5/nginx/controller/poc/f5-hugo v0.8.0 h1:zpfwU+7cvneB9Sv7tVj3tOXrHD7rKEk/c0njnMxz/RQ=
gitlab.com/f5/nginx/controller/poc/f5-hugo v0.8.0/go.mod h1:G+e4mnMJBHCT04TKm3Bbnm5I5OGVoeLlmbaDFF3GPBc=
